// !$*UTF8*$!
{
	archiveVersion = 1;
	classes = {
	};
	objectVersion = 46;
	objects = {

/* Begin PBXBuildFile section */
		285684FF183CF2E600CB04EB /* Foundation.framework in Frameworks */ = {isa = PBXBuildFile; fileRef = 285684FE183CF2E600CB04EB /* Foundation.framework */; };
		28568501183CF2E600CB04EB /* CoreGraphics.framework in Frameworks */ = {isa = PBXBuildFile; fileRef = 28568500183CF2E600CB04EB /* CoreGraphics.framework */; };
		28568503183CF2E600CB04EB /* UIKit.framework in Frameworks */ = {isa = PBXBuildFile; fileRef = 28568502183CF2E600CB04EB /* UIKit.framework */; };
		28568509183CF2E600CB04EB /* InfoPlist.strings in Resources */ = {isa = PBXBuildFile; fileRef = 28568507183CF2E600CB04EB /* InfoPlist.strings */; };
		28568512183CF2E600CB04EB /* Main_iPhone.storyboard in Resources */ = {isa = PBXBuildFile; fileRef = 28568510183CF2E600CB04EB /* Main_iPhone.storyboard */; };
		28568515183CF2E600CB04EB /* Main_iPad.storyboard in Resources */ = {isa = PBXBuildFile; fileRef = 28568513183CF2E600CB04EB /* Main_iPad.storyboard */; };
		2856851A183CF2E600CB04EB /* Images.xcassets in Resources */ = {isa = PBXBuildFile; fileRef = 28568519183CF2E600CB04EB /* Images.xcassets */; };
		28568521183CF2E600CB04EB /* XCTest.framework in Frameworks */ = {isa = PBXBuildFile; fileRef = 28568520183CF2E600CB04EB /* XCTest.framework */; };
		28568522183CF2E600CB04EB /* Foundation.framework in Frameworks */ = {isa = PBXBuildFile; fileRef = 285684FE183CF2E600CB04EB /* Foundation.framework */; };
		28568523183CF2E600CB04EB /* UIKit.framework in Frameworks */ = {isa = PBXBuildFile; fileRef = 28568502183CF2E600CB04EB /* UIKit.framework */; };
		2856852B183CF2E600CB04EB /* InfoPlist.strings in Resources */ = {isa = PBXBuildFile; fileRef = 28568529183CF2E600CB04EB /* InfoPlist.strings */; };
		2856852D183CF2E600CB04EB /* DropDownTableTests.m in Sources */ = {isa = PBXBuildFile; fileRef = 2856852C183CF2E600CB04EB /* DropDownTableTests.m */; };
		285D594118E202180043FC70 /* AddDeleteRows.m in Sources */ = {isa = PBXBuildFile; fileRef = 285D593818E202180043FC70 /* AddDeleteRows.m */; };
		285D594218E202180043FC70 /* Design.m in Sources */ = {isa = PBXBuildFile; fileRef = 285D593A18E202180043FC70 /* Design.m */; };
		285D594318E202180043FC70 /* DetermineSegues.m in Sources */ = {isa = PBXBuildFile; fileRef = 285D593C18E202180043FC70 /* DetermineSegues.m */; };
		285D594418E202180043FC70 /* dropDownTableVC.m in Sources */ = {isa = PBXBuildFile; fileRef = 285D593E18E202180043FC70 /* dropDownTableVC.m */; };
		285D594518E202180043FC70 /* ImageViewController.m in Sources */ = {isa = PBXBuildFile; fileRef = 285D594018E202180043FC70 /* ImageViewController.m */; };
		285D594C18E202AA0043FC70 /* dropDownAppDelegate.m in Sources */ = {isa = PBXBuildFile; fileRef = 285D594818E202AA0043FC70 /* dropDownAppDelegate.m */; };
		285D594D18E202AA0043FC70 /* DropDownTable-Info.plist in Resources */ = {isa = PBXBuildFile; fileRef = 285D594918E202AA0043FC70 /* DropDownTable-Info.plist */; };
		285D594E18E202AA0043FC70 /* main.m in Sources */ = {isa = PBXBuildFile; fileRef = 285D594B18E202AA0043FC70 /* main.m */; };
		285D595718E202C60043FC70 /* GoodNight.jpg in Resources */ = {isa = PBXBuildFile; fileRef = 285D594F18E202C60043FC70 /* GoodNight.jpg */; };
		285D595818E202C60043FC70 /* HygroSkin.jpg in Resources */ = {isa = PBXBuildFile; fileRef = 285D595018E202C60043FC70 /* HygroSkin.jpg */; };
		285D595918E202C60043FC70 /* IRR.jpg in Resources */ = {isa = PBXBuildFile; fileRef = 285D595118E202C60043FC70 /* IRR.jpg */; };
		285D595A18E202C60043FC70 /* Lato-BolIta.otf in Resources */ = {isa = PBXBuildFile; fileRef = 285D595218E202C60043FC70 /* Lato-BolIta.otf */; };
		285D595B18E202C60043FC70 /* Lato-Lig.otf in Resources */ = {isa = PBXBuildFile; fileRef = 285D595318E202C60043FC70 /* Lato-Lig.otf */; };
		285D595C18E202C60043FC70 /* minus_button.png in Resources */ = {isa = PBXBuildFile; fileRef = 285D595418E202C60043FC70 /* minus_button.png */; };
		285D595D18E202C60043FC70 /* plus_button.png in Resources */ = {isa = PBXBuildFile; fileRef = 285D595518E202C60043FC70 /* plus_button.png */; };
		285D595E18E202C60043FC70 /* Wonderpus.jpg in Resources */ = {isa = PBXBuildFile; fileRef = 285D595618E202C60043FC70 /* Wonderpus.jpg */; };
		285D596318E2030D0043FC70 /* InputMenus.m in Sources */ = {isa = PBXBuildFile; fileRef = 285D596018E2030D0043FC70 /* InputMenus.m */; };
		285D596418E2030D0043FC70 /* Sections.m in Sources */ = {isa = PBXBuildFile; fileRef = 285D596218E2030D0043FC70 /* Sections.m */; };
/* End PBXBuildFile section */

/* Begin PBXContainerItemProxy section */
		28568524183CF2E600CB04EB /* PBXContainerItemProxy */ = {
			isa = PBXContainerItemProxy;
			containerPortal = 285684F3183CF2E600CB04EB /* Project object */;
			proxyType = 1;
			remoteGlobalIDString = 285684FA183CF2E600CB04EB;
			remoteInfo = DropDownTable;
		};
/* End PBXContainerItemProxy section */

/* Begin PBXFileReference section */
		285684FB183CF2E600CB04EB /* DropDownTable.app */ = {isa = PBXFileReference; explicitFileType = wrapper.application; includeInIndex = 0; path = DropDownTable.app; sourceTree = BUILT_PRODUCTS_DIR; };
		285684FE183CF2E600CB04EB /* Foundation.framework */ = {isa = PBXFileReference; lastKnownFileType = wrapper.framework; name = Foundation.framework; path = System/Library/Frameworks/Foundation.framework; sourceTree = SDKROOT; };
		28568500183CF2E600CB04EB /* CoreGraphics.framework */ = {isa = PBXFileReference; lastKnownFileType = wrapper.framework; name = CoreGraphics.framework; path = System/Library/Frameworks/CoreGraphics.framework; sourceTree = SDKROOT; };
		28568502183CF2E600CB04EB /* UIKit.framework */ = {isa = PBXFileReference; lastKnownFileType = wrapper.framework; name = UIKit.framework; path = System/Library/Frameworks/UIKit.framework; sourceTree = SDKROOT; };
		28568508183CF2E600CB04EB /* en */ = {isa = PBXFileReference; lastKnownFileType = text.plist.strings; name = en; path = en.lproj/InfoPlist.strings; sourceTree = "<group>"; };
		28568511183CF2E600CB04EB /* Base */ = {isa = PBXFileReference; lastKnownFileType = file.storyboard; name = Base; path = Base.lproj/Main_iPhone.storyboard; sourceTree = "<group>"; };
		28568514183CF2E600CB04EB /* Base */ = {isa = PBXFileReference; lastKnownFileType = file.storyboard; name = Base; path = Base.lproj/Main_iPad.storyboard; sourceTree = "<group>"; };
		28568519183CF2E600CB04EB /* Images.xcassets */ = {isa = PBXFileReference; lastKnownFileType = folder.assetcatalog; name = Images.xcassets; path = "Supporting Files/Images.xcassets"; sourceTree = "<group>"; };
		2856851F183CF2E600CB04EB /* DropDownTableTests.xctest */ = {isa = PBXFileReference; explicitFileType = wrapper.cfbundle; includeInIndex = 0; path = DropDownTableTests.xctest; sourceTree = BUILT_PRODUCTS_DIR; };
		28568520183CF2E600CB04EB /* XCTest.framework */ = {isa = PBXFileReference; lastKnownFileType = wrapper.framework; name = XCTest.framework; path = Library/Frameworks/XCTest.framework; sourceTree = DEVELOPER_DIR; };
		28568528183CF2E600CB04EB /* DropDownTableTests-Info.plist */ = {isa = PBXFileReference; lastKnownFileType = text.plist.xml; path = "DropDownTableTests-Info.plist"; sourceTree = "<group>"; };
		2856852A183CF2E600CB04EB /* en */ = {isa = PBXFileReference; lastKnownFileType = text.plist.strings; name = en; path = en.lproj/InfoPlist.strings; sourceTree = "<group>"; };
		2856852C183CF2E600CB04EB /* DropDownTableTests.m */ = {isa = PBXFileReference; lastKnownFileType = sourcecode.c.objc; path = DropDownTableTests.m; sourceTree = "<group>"; };
		285D593718E202180043FC70 /* AddDeleteRows.h */ = {isa = PBXFileReference; fileEncoding = 4; lastKnownFileType = sourcecode.c.h; name = AddDeleteRows.h; path = Controller/AddDeleteRows.h; sourceTree = "<group>"; };
		285D593818E202180043FC70 /* AddDeleteRows.m */ = {isa = PBXFileReference; fileEncoding = 4; lastKnownFileType = sourcecode.c.objc; name = AddDeleteRows.m; path = Controller/AddDeleteRows.m; sourceTree = "<group>"; };
		285D593918E202180043FC70 /* Design.h */ = {isa = PBXFileReference; fileEncoding = 4; lastKnownFileType = sourcecode.c.h; name = Design.h; path = Controller/Design.h; sourceTree = "<group>"; };
		285D593A18E202180043FC70 /* Design.m */ = {isa = PBXFileReference; fileEncoding = 4; lastKnownFileType = sourcecode.c.objc; name = Design.m; path = Controller/Design.m; sourceTree = "<group>"; };
		285D593B18E202180043FC70 /* DetermineSegues.h */ = {isa = PBXFileReference; fileEncoding = 4; lastKnownFileType = sourcecode.c.h; name = DetermineSegues.h; path = Controller/DetermineSegues.h; sourceTree = "<group>"; };
		285D593C18E202180043FC70 /* DetermineSegues.m */ = {isa = PBXFileReference; fileEncoding = 4; lastKnownFileType = sourcecode.c.objc; name = DetermineSegues.m; path = Controller/DetermineSegues.m; sourceTree = "<group>"; };
		285D593D18E202180043FC70 /* dropDownTableVC.h */ = {isa = PBXFileReference; fileEncoding = 4; lastKnownFileType = sourcecode.c.h; name = dropDownTableVC.h; path = Controller/dropDownTableVC.h; sourceTree = "<group>"; };
		285D593E18E202180043FC70 /* dropDownTableVC.m */ = {isa = PBXFileReference; fileEncoding = 4; lastKnownFileType = sourcecode.c.objc; name = dropDownTableVC.m; path = Controller/dropDownTableVC.m; sourceTree = "<group>"; };
		285D593F18E202180043FC70 /* ImageViewController.h */ = {isa = PBXFileReference; fileEncoding = 4; lastKnownFileType = sourcecode.c.h; name = ImageViewController.h; path = Controller/ImageViewController.h; sourceTree = "<group>"; };
		285D594018E202180043FC70 /* ImageViewController.m */ = {isa = PBXFileReference; fileEncoding = 4; lastKnownFileType = sourcecode.c.objc; name = ImageViewController.m; path = Controller/ImageViewController.m; sourceTree = "<group>"; };
		285D594718E202AA0043FC70 /* dropDownAppDelegate.h */ = {isa = PBXFileReference; fileEncoding = 4; lastKnownFileType = sourcecode.c.h; name = dropDownAppDelegate.h; path = "Supporting Files/dropDownAppDelegate.h"; sourceTree = "<group>"; };
		285D594818E202AA0043FC70 /* dropDownAppDelegate.m */ = {isa = PBXFileReference; fileEncoding = 4; lastKnownFileType = sourcecode.c.objc; name = dropDownAppDelegate.m; path = "Supporting Files/dropDownAppDelegate.m"; sourceTree = "<group>"; };
		285D594918E202AA0043FC70 /* DropDownTable-Info.plist */ = {isa = PBXFileReference; fileEncoding = 4; lastKnownFileType = text.plist.xml; name = "DropDownTable-Info.plist"; path = "Supporting Files/DropDownTable-Info.plist"; sourceTree = "<group>"; };
		285D594A18E202AA0043FC70 /* DropDownTable-Prefix.pch */ = {isa = PBXFileReference; fileEncoding = 4; lastKnownFileType = sourcecode.c.h; path = "DropDownTable-Prefix.pch"; sourceTree = "<group>"; };
		285D594B18E202AA0043FC70 /* main.m */ = {isa = PBXFileReference; fileEncoding = 4; lastKnownFileType = sourcecode.c.objc; name = main.m; path = "Supporting Files/main.m"; sourceTree = "<group>"; };
		285D594F18E202C60043FC70 /* GoodNight.jpg */ = {isa = PBXFileReference; lastKnownFileType = image.jpeg; name = GoodNight.jpg; path = "Supporting Files/fonts&images/GoodNight.jpg"; sourceTree = "<group>"; };
		285D595018E202C60043FC70 /* HygroSkin.jpg */ = {isa = PBXFileReference; lastKnownFileType = image.jpeg; name = HygroSkin.jpg; path = "Supporting Files/fonts&images/HygroSkin.jpg"; sourceTree = "<group>"; };
		285D595118E202C60043FC70 /* IRR.jpg */ = {isa = PBXFileReference; lastKnownFileType = image.jpeg; name = IRR.jpg; path = "Supporting Files/fonts&images/IRR.jpg"; sourceTree = "<group>"; };
		285D595218E202C60043FC70 /* Lato-BolIta.otf */ = {isa = PBXFileReference; lastKnownFileType = file; name = "Lato-BolIta.otf"; path = "Supporting Files/fonts&images/Lato-BolIta.otf"; sourceTree = "<group>"; };
		285D595318E202C60043FC70 /* Lato-Lig.otf */ = {isa = PBXFileReference; lastKnownFileType = file; name = "Lato-Lig.otf"; path = "Supporting Files/fonts&images/Lato-Lig.otf"; sourceTree = "<group>"; };
		285D595418E202C60043FC70 /* minus_button.png */ = {isa = PBXFileReference; lastKnownFileType = image.png; name = minus_button.png; path = "Supporting Files/fonts&images/minus_button.png"; sourceTree = "<group>"; };
		285D595518E202C60043FC70 /* plus_button.png */ = {isa = PBXFileReference; lastKnownFileType = image.png; name = plus_button.png; path = "Supporting Files/fonts&images/plus_button.png"; sourceTree = "<group>"; };
		285D595618E202C60043FC70 /* Wonderpus.jpg */ = {isa = PBXFileReference; lastKnownFileType = image.jpeg; name = Wonderpus.jpg; path = "Supporting Files/fonts&images/Wonderpus.jpg"; sourceTree = "<group>"; };
		285D595F18E2030D0043FC70 /* InputMenus.h */ = {isa = PBXFileReference; fileEncoding = 4; lastKnownFileType = sourcecode.c.h; name = InputMenus.h; path = Model/InputMenus.h; sourceTree = "<group>"; };
		285D596018E2030D0043FC70 /* InputMenus.m */ = {isa = PBXFileReference; fileEncoding = 4; lastKnownFileType = sourcecode.c.objc; name = InputMenus.m; path = Model/InputMenus.m; sourceTree = "<group>"; };
		285D596118E2030D0043FC70 /* Sections.h */ = {isa = PBXFileReference; fileEncoding = 4; lastKnownFileType = sourcecode.c.h; name = Sections.h; path = Model/Sections.h; sourceTree = "<group>"; };
		285D596218E2030D0043FC70 /* Sections.m */ = {isa = PBXFileReference; fileEncoding = 4; lastKnownFileType = sourcecode.c.objc; name = Sections.m; path = Model/Sections.m; sourceTree = "<group>"; };
/* End PBXFileReference section */

/* Begin PBXFrameworksBuildPhase section */
		285684F8183CF2E600CB04EB /* Frameworks */ = {
			isa = PBXFrameworksBuildPhase;
			buildActionMask = 2147483647;
			files = (
				28568501183CF2E600CB04EB /* CoreGraphics.framework in Frameworks */,
				28568503183CF2E600CB04EB /* UIKit.framework in Frameworks */,
				285684FF183CF2E600CB04EB /* Foundation.framework in Frameworks */,
			);
			runOnlyForDeploymentPostprocessing = 0;
		};
		2856851C183CF2E600CB04EB /* Frameworks */ = {
			isa = PBXFrameworksBuildPhase;
			buildActionMask = 2147483647;
			files = (
				28568521183CF2E600CB04EB /* XCTest.framework in Frameworks */,
				28568523183CF2E600CB04EB /* UIKit.framework in Frameworks */,
				28568522183CF2E600CB04EB /* Foundation.framework in Frameworks */,
			);
			runOnlyForDeploymentPostprocessing = 0;
		};
/* End PBXFrameworksBuildPhase section */

/* Begin PBXGroup section */
		285684F2183CF2E600CB04EB = {
			isa = PBXGroup;
			children = (
				28568504183CF2E600CB04EB /* DropDownTable */,
				28568526183CF2E600CB04EB /* DropDownTableTests */,
				285684FD183CF2E600CB04EB /* Frameworks */,
				285684FC183CF2E600CB04EB /* Products */,
			);
			sourceTree = "<group>";
		};
		285684FC183CF2E600CB04EB /* Products */ = {
			isa = PBXGroup;
			children = (
				285684FB183CF2E600CB04EB /* DropDownTable.app */,
				2856851F183CF2E600CB04EB /* DropDownTableTests.xctest */,
			);
			name = Products;
			sourceTree = "<group>";
		};
		285684FD183CF2E600CB04EB /* Frameworks */ = {
			isa = PBXGroup;
			children = (
				285684FE183CF2E600CB04EB /* Foundation.framework */,
				28568500183CF2E600CB04EB /* CoreGraphics.framework */,
				28568502183CF2E600CB04EB /* UIKit.framework */,
				28568520183CF2E600CB04EB /* XCTest.framework */,
			);
			name = Frameworks;
			sourceTree = "<group>";
		};
		28568504183CF2E600CB04EB /* DropDownTable */ = {
			isa = PBXGroup;
			children = (
				285D594618E202250043FC70 /* Controller */,
				288EF72C18E05D73003FC7EE /* Model */,
				288EF72D18E05D7B003FC7EE /* View */,
				28568505183CF2E600CB04EB /* Supporting Files */,
			);
			path = DropDownTable;
			sourceTree = "<group>";
		};
		28568505183CF2E600CB04EB /* Supporting Files */ = {
			isa = PBXGroup;
			children = (
				285D594A18E202AA0043FC70 /* DropDownTable-Prefix.pch */,
				28568519183CF2E600CB04EB /* Images.xcassets */,
				285D594718E202AA0043FC70 /* dropDownAppDelegate.h */,
				285D594818E202AA0043FC70 /* dropDownAppDelegate.m */,
				285D594918E202AA0043FC70 /* DropDownTable-Info.plist */,
				285D594B18E202AA0043FC70 /* main.m */,
				28568507183CF2E600CB04EB /* InfoPlist.strings */,
				28A155B018E1D6BB00B08114 /* Fonts&Images */,
			);
			name = "Supporting Files";
			sourceTree = "<group>";
		};
		28568526183CF2E600CB04EB /* DropDownTableTests */ = {
			isa = PBXGroup;
			children = (
				2856852C183CF2E600CB04EB /* DropDownTableTests.m */,
				28568527183CF2E600CB04EB /* Supporting Files */,
			);
			path = DropDownTableTests;
			sourceTree = "<group>";
		};
		28568527183CF2E600CB04EB /* Supporting Files */ = {
			isa = PBXGroup;
			children = (
				28568528183CF2E600CB04EB /* DropDownTableTests-Info.plist */,
				28568529183CF2E600CB04EB /* InfoPlist.strings */,
			);
			name = "Supporting Files";
			sourceTree = "<group>";
		};
		285D594618E202250043FC70 /* Controller */ = {
			isa = PBXGroup;
			children = (
				285D593718E202180043FC70 /* AddDeleteRows.h */,
				285D593818E202180043FC70 /* AddDeleteRows.m */,
				285D593918E202180043FC70 /* Design.h */,
				285D593A18E202180043FC70 /* Design.m */,
				285D593B18E202180043FC70 /* DetermineSegues.h */,
				285D593C18E202180043FC70 /* DetermineSegues.m */,
				285D593D18E202180043FC70 /* dropDownTableVC.h */,
				285D593E18E202180043FC70 /* dropDownTableVC.m */,
				285D593F18E202180043FC70 /* ImageViewController.h */,
				285D594018E202180043FC70 /* ImageViewController.m */,
			);
			name = Controller;
			sourceTree = "<group>";
		};
		288EF72C18E05D73003FC7EE /* Model */ = {
			isa = PBXGroup;
			children = (
				285D595F18E2030D0043FC70 /* InputMenus.h */,
				285D596018E2030D0043FC70 /* InputMenus.m */,
				285D596118E2030D0043FC70 /* Sections.h */,
				285D596218E2030D0043FC70 /* Sections.m */,
			);
			name = Model;
			sourceTree = "<group>";
		};
		288EF72D18E05D7B003FC7EE /* View */ = {
			isa = PBXGroup;
			children = (
				28568513183CF2E600CB04EB /* Main_iPad.storyboard */,
				28568510183CF2E600CB04EB /* Main_iPhone.storyboard */,
			);
			name = View;
			sourceTree = "<group>";
		};
		28A155B018E1D6BB00B08114 /* Fonts&Images */ = {
			isa = PBXGroup;
			children = (
				285D594F18E202C60043FC70 /* GoodNight.jpg */,
				285D595018E202C60043FC70 /* HygroSkin.jpg */,
				285D595118E202C60043FC70 /* IRR.jpg */,
				285D595218E202C60043FC70 /* Lato-BolIta.otf */,
				285D595318E202C60043FC70 /* Lato-Lig.otf */,
				285D595418E202C60043FC70 /* minus_button.png */,
				285D595518E202C60043FC70 /* plus_button.png */,
				285D595618E202C60043FC70 /* Wonderpus.jpg */,
			);
			name = "Fonts&Images";
			sourceTree = "<group>";
		};
/* End PBXGroup section */

/* Begin PBXNativeTarget section */
		285684FA183CF2E600CB04EB /* DropDownTable */ = {
			isa = PBXNativeTarget;
			buildConfigurationList = 28568530183CF2E600CB04EB /* Build configuration list for PBXNativeTarget "DropDownTable" */;
			buildPhases = (
				285684F7183CF2E600CB04EB /* Sources */,
				285684F8183CF2E600CB04EB /* Frameworks */,
				285684F9183CF2E600CB04EB /* Resources */,
			);
			buildRules = (
			);
			dependencies = (
			);
			name = DropDownTable;
			productName = DropDownTable;
			productReference = 285684FB183CF2E600CB04EB /* DropDownTable.app */;
			productType = "com.apple.product-type.application";
		};
		2856851E183CF2E600CB04EB /* DropDownTableTests */ = {
			isa = PBXNativeTarget;
			buildConfigurationList = 28568533183CF2E600CB04EB /* Build configuration list for PBXNativeTarget "DropDownTableTests" */;
			buildPhases = (
				2856851B183CF2E600CB04EB /* Sources */,
				2856851C183CF2E600CB04EB /* Frameworks */,
				2856851D183CF2E600CB04EB /* Resources */,
			);
			buildRules = (
			);
			dependencies = (
				28568525183CF2E600CB04EB /* PBXTargetDependency */,
			);
			name = DropDownTableTests;
			productName = DropDownTableTests;
			productReference = 2856851F183CF2E600CB04EB /* DropDownTableTests.xctest */;
			productType = "com.apple.product-type.bundle.unit-test";
		};
/* End PBXNativeTarget section */

/* Begin PBXProject section */
		285684F3183CF2E600CB04EB /* Project object */ = {
			isa = PBXProject;
			attributes = {
				CLASSPREFIX = dropDown;
				LastUpgradeCheck = 0500;
				ORGANIZATIONNAME = "Abby Schlageter";
				TargetAttributes = {
					2856851E183CF2E600CB04EB = {
						TestTargetID = 285684FA183CF2E600CB04EB;
					};
				};
			};
			buildConfigurationList = 285684F6183CF2E600CB04EB /* Build configuration list for PBXProject "DropDownTable" */;
			compatibilityVersion = "Xcode 3.2";
			developmentRegion = English;
			hasScannedForEncodings = 0;
			knownRegions = (
				en,
				Base,
			);
			mainGroup = 285684F2183CF2E600CB04EB;
			productRefGroup = 285684FC183CF2E600CB04EB /* Products */;
			projectDirPath = "";
			projectRoot = "";
			targets = (
				285684FA183CF2E600CB04EB /* DropDownTable */,
				2856851E183CF2E600CB04EB /* DropDownTableTests */,
			);
		};
/* End PBXProject section */

/* Begin PBXResourcesBuildPhase section */
		285684F9183CF2E600CB04EB /* Resources */ = {
			isa = PBXResourcesBuildPhase;
			buildActionMask = 2147483647;
			files = (
				28568515183CF2E600CB04EB /* Main_iPad.storyboard in Resources */,
				285D595718E202C60043FC70 /* GoodNight.jpg in Resources */,
				285D595818E202C60043FC70 /* HygroSkin.jpg in Resources */,
				285D595918E202C60043FC70 /* IRR.jpg in Resources */,
				285D595C18E202C60043FC70 /* minus_button.png in Resources */,
				285D595B18E202C60043FC70 /* Lato-Lig.otf in Resources */,
				285D595A18E202C60043FC70 /* Lato-BolIta.otf in Resources */,
				285D594D18E202AA0043FC70 /* DropDownTable-Info.plist in Resources */,
				2856851A183CF2E600CB04EB /* Images.xcassets in Resources */,
				285D595E18E202C60043FC70 /* Wonderpus.jpg in Resources */,
				285D595D18E202C60043FC70 /* plus_button.png in Resources */,
				28568512183CF2E600CB04EB /* Main_iPhone.storyboard in Resources */,
				28568509183CF2E600CB04EB /* InfoPlist.strings in Resources */,
			);
			runOnlyForDeploymentPostprocessing = 0;
		};
		2856851D183CF2E600CB04EB /* Resources */ = {
			isa = PBXResourcesBuildPhase;
			buildActionMask = 2147483647;
			files = (
				2856852B183CF2E600CB04EB /* InfoPlist.strings in Resources */,
			);
			runOnlyForDeploymentPostprocessing = 0;
		};
/* End PBXResourcesBuildPhase section */

/* Begin PBXSourcesBuildPhase section */
		285684F7183CF2E600CB04EB /* Sources */ = {
			isa = PBXSourcesBuildPhase;
			buildActionMask = 2147483647;
			files = (
				285D594318E202180043FC70 /* DetermineSegues.m in Sources */,
				285D594C18E202AA0043FC70 /* dropDownAppDelegate.m in Sources */,
				285D594418E202180043FC70 /* dropDownTableVC.m in Sources */,
				285D596418E2030D0043FC70 /* Sections.m in Sources */,
				285D594218E202180043FC70 /* Design.m in Sources */,
				285D594118E202180043FC70 /* AddDeleteRows.m in Sources */,
				285D594518E202180043FC70 /* ImageViewController.m in Sources */,
				285D594E18E202AA0043FC70 /* main.m in Sources */,
				285D596318E2030D0043FC70 /* InputMenus.m in Sources */,
			);
			runOnlyForDeploymentPostprocessing = 0;
		};
		2856851B183CF2E600CB04EB /* Sources */ = {
			isa = PBXSourcesBuildPhase;
			buildActionMask = 2147483647;
			files = (
				2856852D183CF2E600CB04EB /* DropDownTableTests.m in Sources */,
			);
			runOnlyForDeploymentPostprocessing = 0;
		};
/* End PBXSourcesBuildPhase section */

/* Begin PBXTargetDependency section */
		28568525183CF2E600CB04EB /* PBXTargetDependency */ = {
			isa = PBXTargetDependency;
			target = 285684FA183CF2E600CB04EB /* DropDownTable */;
			targetProxy = 28568524183CF2E600CB04EB /* PBXContainerItemProxy */;
		};
/* End PBXTargetDependency section */

/* Begin PBXVariantGroup section */
		28568507183CF2E600CB04EB /* InfoPlist.strings */ = {
			isa = PBXVariantGroup;
			children = (
				28568508183CF2E600CB04EB /* en */,
			);
			name = InfoPlist.strings;
			sourceTree = "<group>";
		};
		28568510183CF2E600CB04EB /* Main_iPhone.storyboard */ = {
			isa = PBXVariantGroup;
			children = (
				28568511183CF2E600CB04EB /* Base */,
			);
			name = Main_iPhone.storyboard;
			sourceTree = "<group>";
		};
		28568513183CF2E600CB04EB /* Main_iPad.storyboard */ = {
			isa = PBXVariantGroup;
			children = (
				28568514183CF2E600CB04EB /* Base */,
			);
			name = Main_iPad.storyboard;
			sourceTree = "<group>";
		};
		28568529183CF2E600CB04EB /* InfoPlist.strings */ = {
			isa = PBXVariantGroup;
			children = (
				2856852A183CF2E600CB04EB /* en */,
			);
			name = InfoPlist.strings;
			sourceTree = "<group>";
		};
/* End PBXVariantGroup section */

/* Begin XCBuildConfiguration section */
		2856852E183CF2E600CB04EB /* Debug */ = {
			isa = XCBuildConfiguration;
			buildSettings = {
				ALWAYS_SEARCH_USER_PATHS = NO;
				ARCHS = "$(ARCHS_STANDARD_INCLUDING_64_BIT)";
				CLANG_CXX_LANGUAGE_STANDARD = "gnu++0x";
				CLANG_CXX_LIBRARY = "libc++";
				CLANG_ENABLE_MODULES = YES;
				CLANG_ENABLE_OBJC_ARC = YES;
				CLANG_WARN_BOOL_CONVERSION = YES;
				CLANG_WARN_CONSTANT_CONVERSION = YES;
				CLANG_WARN_DIRECT_OBJC_ISA_USAGE = YES_ERROR;
				CLANG_WARN_EMPTY_BODY = YES;
				CLANG_WARN_ENUM_CONVERSION = YES;
				CLANG_WARN_INT_CONVERSION = YES;
				CLANG_WARN_OBJC_ROOT_CLASS = YES_ERROR;
				CLANG_WARN__DUPLICATE_METHOD_MATCH = YES;
				"CODE_SIGN_IDENTITY[sdk=iphoneos*]" = "iPhone Developer";
				COPY_PHASE_STRIP = NO;
				GCC_C_LANGUAGE_STANDARD = gnu99;
				GCC_DYNAMIC_NO_PIC = NO;
				GCC_OPTIMIZATION_LEVEL = 0;
				GCC_PREPROCESSOR_DEFINITIONS = (
					"DEBUG=1",
					"$(inherited)",
				);
				GCC_SYMBOLS_PRIVATE_EXTERN = NO;
				GCC_WARN_64_TO_32_BIT_CONVERSION = YES;
				GCC_WARN_ABOUT_RETURN_TYPE = YES_ERROR;
				GCC_WARN_UNDECLARED_SELECTOR = YES;
				GCC_WARN_UNINITIALIZED_AUTOS = YES;
				GCC_WARN_UNUSED_FUNCTION = YES;
				GCC_WARN_UNUSED_VARIABLE = YES;
				IPHONEOS_DEPLOYMENT_TARGET = 7.0;
				ONLY_ACTIVE_ARCH = YES;
				SDKROOT = iphoneos;
				TARGETED_DEVICE_FAMILY = "1,2";
			};
			name = Debug;
		};
		2856852F183CF2E600CB04EB /* Release */ = {
			isa = XCBuildConfiguration;
			buildSettings = {
				ALWAYS_SEARCH_USER_PATHS = NO;
				ARCHS = "$(ARCHS_STANDARD_INCLUDING_64_BIT)";
				CLANG_CXX_LANGUAGE_STANDARD = "gnu++0x";
				CLANG_CXX_LIBRARY = "libc++";
				CLANG_ENABLE_MODULES = YES;
				CLANG_ENABLE_OBJC_ARC = YES;
				CLANG_WARN_BOOL_CONVERSION = YES;
				CLANG_WARN_CONSTANT_CONVERSION = YES;
				CLANG_WARN_DIRECT_OBJC_ISA_USAGE = YES_ERROR;
				CLANG_WARN_EMPTY_BODY = YES;
				CLANG_WARN_ENUM_CONVERSION = YES;
				CLANG_WARN_INT_CONVERSION = YES;
				CLANG_WARN_OBJC_ROOT_CLASS = YES_ERROR;
				CLANG_WARN__DUPLICATE_METHOD_MATCH = YES;
				"CODE_SIGN_IDENTITY[sdk=iphoneos*]" = "iPhone Developer";
				COPY_PHASE_STRIP = YES;
				ENABLE_NS_ASSERTIONS = NO;
				GCC_C_LANGUAGE_STANDARD = gnu99;
				GCC_WARN_64_TO_32_BIT_CONVERSION = YES;
				GCC_WARN_ABOUT_RETURN_TYPE = YES_ERROR;
				GCC_WARN_UNDECLARED_SELECTOR = YES;
				GCC_WARN_UNINITIALIZED_AUTOS = YES;
				GCC_WARN_UNUSED_FUNCTION = YES;
				GCC_WARN_UNUSED_VARIABLE = YES;
				IPHONEOS_DEPLOYMENT_TARGET = 7.0;
				SDKROOT = iphoneos;
				TARGETED_DEVICE_FAMILY = "1,2";
				VALIDATE_PRODUCT = YES;
			};
			name = Release;
		};
		28568531183CF2E600CB04EB /* Debug */ = {
			isa = XCBuildConfiguration;
			buildSettings = {
				ASSETCATALOG_COMPILER_APPICON_NAME = AppIcon;
				ASSETCATALOG_COMPILER_LAUNCHIMAGE_NAME = LaunchImage;
				GCC_PRECOMPILE_PREFIX_HEADER = YES;
				GCC_PREFIX_HEADER = "DropDownTable/DropDownTable-Prefix.pch";
				INFOPLIST_FILE = "DropDownTable/DropDownTable-Info.plist";
				PRODUCT_NAME = "$(TARGET_NAME)";
				WRAPPER_EXTENSION = app;
			};
			name = Debug;
		};
		28568532183CF2E600CB04EB /* Release */ = {
			isa = XCBuildConfiguration;
			buildSettings = {
				ASSETCATALOG_COMPILER_APPICON_NAME = AppIcon;
				ASSETCATALOG_COMPILER_LAUNCHIMAGE_NAME = LaunchImage;
				GCC_PRECOMPILE_PREFIX_HEADER = YES;
				GCC_PREFIX_HEADER = "DropDownTable/DropDownTable-Prefix.pch";
				INFOPLIST_FILE = "DropDownTable/DropDownTable-Info.plist";
				PRODUCT_NAME = "$(TARGET_NAME)";
				WRAPPER_EXTENSION = app;
			};
			name = Release;
		};
		28568534183CF2E600CB04EB /* Debug */ = {
			isa = XCBuildConfiguration;
			buildSettings = {
				ARCHS = "$(ARCHS_STANDARD_INCLUDING_64_BIT)";
				BUNDLE_LOADER = "$(BUILT_PRODUCTS_DIR)/DropDownTable.app/DropDownTable";
				FRAMEWORK_SEARCH_PATHS = (
					"$(SDKROOT)/Developer/Library/Frameworks",
					"$(inherited)",
					"$(DEVELOPER_FRAMEWORKS_DIR)",
				);
				GCC_PRECOMPILE_PREFIX_HEADER = YES;
				GCC_PREFIX_HEADER = "DropDownTable/DropDownTable-Prefix.pch";
				GCC_PREPROCESSOR_DEFINITIONS = (
					"DEBUG=1",
					"$(inherited)",
				);
				INFOPLIST_FILE = "DropDownTableTests/DropDownTableTests-Info.plist";
				PRODUCT_NAME = "$(TARGET_NAME)";
				TEST_HOST = "$(BUNDLE_LOADER)";
				WRAPPER_EXTENSION = xctest;
			};
			name = Debug;
		};
		28568535183CF2E600CB04EB /* Release */ = {
			isa = XCBuildConfiguration;
			buildSettings = {
				ARCHS = "$(ARCHS_STANDARD_INCLUDING_64_BIT)";
				BUNDLE_LOADER = "$(BUILT_PRODUCTS_DIR)/DropDownTable.app/DropDownTable";
				FRAMEWORK_SEARCH_PATHS = (
					"$(SDKROOT)/Developer/Library/Frameworks",
					"$(inherited)",
					"$(DEVELOPER_FRAMEWORKS_DIR)",
				);
				GCC_PRECOMPILE_PREFIX_HEADER = YES;
				GCC_PREFIX_HEADER = "DropDownTable/DropDownTable-Prefix.pch";
				INFOPLIST_FILE = "DropDownTableTests/DropDownTableTests-Info.plist";
				PRODUCT_NAME = "$(TARGET_NAME)";
				TEST_HOST = "$(BUNDLE_LOADER)";
				WRAPPER_EXTENSION = xctest;
			};
			name = Release;
		};
/* End XCBuildConfiguration section */

/* Begin XCConfigurationList section */
		285684F6183CF2E600CB04EB /* Build configuration list for PBXProject "DropDownTable" */ = {
			isa = XCConfigurationList;
			buildConfigurations = (
				2856852E183CF2E600CB04EB /* Debug */,
				2856852F183CF2E600CB04EB /* Release */,
			);
			defaultConfigurationIsVisible = 0;
			defaultConfigurationName = Release;
		};
		28568530183CF2E600CB04EB /* Build configuration list for PBXNativeTarget "DropDownTable" */ = {
			isa = XCConfigurationList;
			buildConfigurations = (
				28568531183CF2E600CB04EB /* Debug */,
				28568532183CF2E600CB04EB /* Release */,
			);
			defaultConfigurationIsVisible = 0;
			defaultConfigurationName = Release;
		};
		28568533183CF2E600CB04EB /* Build configuration list for PBXNativeTarget "DropDownTableTests" */ = {
			isa = XCConfigurationList;
			buildConfigurations = (
				28568534183CF2E600CB04EB /* Debug */,
				28568535183CF2E600CB04EB /* Release */,
			);
			defaultConfigurationIsVisible = 0;
			defaultConfigurationName = Release;
		};
/* End XCConfigurationList section */
	};
	rootObject = 285684F3183CF2E600CB04EB /* Project object */;
}
