// !$*UTF8*$!
{
	archiveVersion = 1;
	classes = {
	};
	objectVersion = 46;
	objects = {

/* Begin PBXBuildFile section */
		28321713183F8B8200D74380 /* minus_button.png in Resources */ = {isa = PBXBuildFile; fileRef = 28321712183F8B8200D74380 /* minus_button.png */; };
		28321715183F8B8800D74380 /* plus_button.png in Resources */ = {isa = PBXBuildFile; fileRef = 28321714183F8B8800D74380 /* plus_button.png */; };
		285684FF183CF2E600CB04EB /* Foundation.framework in Frameworks */ = {isa = PBXBuildFile; fileRef = 285684FE183CF2E600CB04EB /* Foundation.framework */; };
		28568501183CF2E600CB04EB /* CoreGraphics.framework in Frameworks */ = {isa = PBXBuildFile; fileRef = 28568500183CF2E600CB04EB /* CoreGraphics.framework */; };
		28568503183CF2E600CB04EB /* UIKit.framework in Frameworks */ = {isa = PBXBuildFile; fileRef = 28568502183CF2E600CB04EB /* UIKit.framework */; };
		28568509183CF2E600CB04EB /* InfoPlist.strings in Resources */ = {isa = PBXBuildFile; fileRef = 28568507183CF2E600CB04EB /* InfoPlist.strings */; };
		2856850B183CF2E600CB04EB /* main.m in Sources */ = {isa = PBXBuildFile; fileRef = 2856850A183CF2E600CB04EB /* main.m */; };
		2856850F183CF2E600CB04EB /* dropDownAppDelegate.m in Sources */ = {isa = PBXBuildFile; fileRef = 2856850E183CF2E600CB04EB /* dropDownAppDelegate.m */; };
		28568512183CF2E600CB04EB /* Main_iPhone.storyboard in Resources */ = {isa = PBXBuildFile; fileRef = 28568510183CF2E600CB04EB /* Main_iPhone.storyboard */; };
		28568515183CF2E600CB04EB /* Main_iPad.storyboard in Resources */ = {isa = PBXBuildFile; fileRef = 28568513183CF2E600CB04EB /* Main_iPad.storyboard */; };
		2856851A183CF2E600CB04EB /* Images.xcassets in Resources */ = {isa = PBXBuildFile; fileRef = 28568519183CF2E600CB04EB /* Images.xcassets */; };
		28568521183CF2E600CB04EB /* XCTest.framework in Frameworks */ = {isa = PBXBuildFile; fileRef = 28568520183CF2E600CB04EB /* XCTest.framework */; };
		28568522183CF2E600CB04EB /* Foundation.framework in Frameworks */ = {isa = PBXBuildFile; fileRef = 285684FE183CF2E600CB04EB /* Foundation.framework */; };
		28568523183CF2E600CB04EB /* UIKit.framework in Frameworks */ = {isa = PBXBuildFile; fileRef = 28568502183CF2E600CB04EB /* UIKit.framework */; };
		2856852B183CF2E600CB04EB /* InfoPlist.strings in Resources */ = {isa = PBXBuildFile; fileRef = 28568529183CF2E600CB04EB /* InfoPlist.strings */; };
		2856852D183CF2E600CB04EB /* DropDownTableTests.m in Sources */ = {isa = PBXBuildFile; fileRef = 2856852C183CF2E600CB04EB /* DropDownTableTests.m */; };
		28568538183CF41200CB04EB /* dropDownTableVC.m in Sources */ = {isa = PBXBuildFile; fileRef = 28568537183CF41200CB04EB /* dropDownTableVC.m */; };
		2862C139184653BB00A1FEE2 /* Lato-BolIta.otf in Resources */ = {isa = PBXBuildFile; fileRef = 2862C138184653BB00A1FEE2 /* Lato-BolIta.otf */; };
		288EF72A18E0580F003FC7EE /* InputMenus.m in Sources */ = {isa = PBXBuildFile; fileRef = 288EF72918E0580F003FC7EE /* InputMenus.m */; };
		28C0C80018E042C50050E419 /* Design.m in Sources */ = {isa = PBXBuildFile; fileRef = 28C0C7FF18E042C50050E419 /* Design.m */; };
		28CCE51718490AAE0099D77E /* Sections.m in Sources */ = {isa = PBXBuildFile; fileRef = 28CCE51618490AAE0099D77E /* Sections.m */; };
		28EE6070183E79F700AB8E9B /* Lato-Lig.otf in Resources */ = {isa = PBXBuildFile; fileRef = 28EE606F183E79F700AB8E9B /* Lato-Lig.otf */; };
/* End PBXBuildFile section */

/* Begin PBXContainerItemProxy section */
		28568524183CF2E600CB04EB /* PBXContainerItemProxy */ = {
			isa = PBXContainerItemProxy;
			containerPortal = 285684F3183CF2E600CB04EB /* Project object */;
			proxyType = 1;
			remoteGlobalIDString = 285684FA183CF2E600CB04EB;
			remoteInfo = DropDownTable;
		};
/* End PBXContainerItemProxy section */

/* Begin PBXFileReference section */
		28321712183F8B8200D74380 /* minus_button.png */ = {isa = PBXFileReference; lastKnownFileType = image.png; path = minus_button.png; sourceTree = "<group>"; };
		28321714183F8B8800D74380 /* plus_button.png */ = {isa = PBXFileReference; lastKnownFileType = image.png; path = plus_button.png; sourceTree = "<group>"; };
		285684FB183CF2E600CB04EB /* DropDownTable.app */ = {isa = PBXFileReference; explicitFileType = wrapper.application; includeInIndex = 0; path = DropDownTable.app; sourceTree = BUILT_PRODUCTS_DIR; };
		285684FE183CF2E600CB04EB /* Foundation.framework */ = {isa = PBXFileReference; lastKnownFileType = wrapper.framework; name = Foundation.framework; path = System/Library/Frameworks/Foundation.framework; sourceTree = SDKROOT; };
		28568500183CF2E600CB04EB /* CoreGraphics.framework */ = {isa = PBXFileReference; lastKnownFileType = wrapper.framework; name = CoreGraphics.framework; path = System/Library/Frameworks/CoreGraphics.framework; sourceTree = SDKROOT; };
		28568502183CF2E600CB04EB /* UIKit.framework */ = {isa = PBXFileReference; lastKnownFileType = wrapper.framework; name = UIKit.framework; path = System/Library/Frameworks/UIKit.framework; sourceTree = SDKROOT; };
		28568506183CF2E600CB04EB /* DropDownTable-Info.plist */ = {isa = PBXFileReference; lastKnownFileType = text.plist.xml; path = "DropDownTable-Info.plist"; sourceTree = "<group>"; };
		28568508183CF2E600CB04EB /* en */ = {isa = PBXFileReference; lastKnownFileType = text.plist.strings; name = en; path = en.lproj/InfoPlist.strings; sourceTree = "<group>"; };
		2856850A183CF2E600CB04EB /* main.m */ = {isa = PBXFileReference; lastKnownFileType = sourcecode.c.objc; path = main.m; sourceTree = "<group>"; };
		2856850C183CF2E600CB04EB /* DropDownTable-Prefix.pch */ = {isa = PBXFileReference; lastKnownFileType = sourcecode.c.h; path = "DropDownTable-Prefix.pch"; sourceTree = "<group>"; };
		2856850D183CF2E600CB04EB /* dropDownAppDelegate.h */ = {isa = PBXFileReference; lastKnownFileType = sourcecode.c.h; path = dropDownAppDelegate.h; sourceTree = "<group>"; };
		2856850E183CF2E600CB04EB /* dropDownAppDelegate.m */ = {isa = PBXFileReference; lastKnownFileType = sourcecode.c.objc; path = dropDownAppDelegate.m; sourceTree = "<group>"; };
		28568511183CF2E600CB04EB /* Base */ = {isa = PBXFileReference; lastKnownFileType = file.storyboard; name = Base; path = Base.lproj/Main_iPhone.storyboard; sourceTree = "<group>"; };
		28568514183CF2E600CB04EB /* Base */ = {isa = PBXFileReference; lastKnownFileType = file.storyboard; name = Base; path = Base.lproj/Main_iPad.storyboard; sourceTree = "<group>"; };
		28568519183CF2E600CB04EB /* Images.xcassets */ = {isa = PBXFileReference; lastKnownFileType = folder.assetcatalog; path = Images.xcassets; sourceTree = "<group>"; };
		2856851F183CF2E600CB04EB /* DropDownTableTests.xctest */ = {isa = PBXFileReference; explicitFileType = wrapper.cfbundle; includeInIndex = 0; path = DropDownTableTests.xctest; sourceTree = BUILT_PRODUCTS_DIR; };
		28568520183CF2E600CB04EB /* XCTest.framework */ = {isa = PBXFileReference; lastKnownFileType = wrapper.framework; name = XCTest.framework; path = Library/Frameworks/XCTest.framework; sourceTree = DEVELOPER_DIR; };
		28568528183CF2E600CB04EB /* DropDownTableTests-Info.plist */ = {isa = PBXFileReference; lastKnownFileType = text.plist.xml; path = "DropDownTableTests-Info.plist"; sourceTree = "<group>"; };
		2856852A183CF2E600CB04EB /* en */ = {isa = PBXFileReference; lastKnownFileType = text.plist.strings; name = en; path = en.lproj/InfoPlist.strings; sourceTree = "<group>"; };
		2856852C183CF2E600CB04EB /* DropDownTableTests.m */ = {isa = PBXFileReference; lastKnownFileType = sourcecode.c.objc; path = DropDownTableTests.m; sourceTree = "<group>"; };
		28568536183CF41200CB04EB /* dropDownTableVC.h */ = {isa = PBXFileReference; fileEncoding = 4; lastKnownFileType = sourcecode.c.h; path = dropDownTableVC.h; sourceTree = "<group>"; };
		28568537183CF41200CB04EB /* dropDownTableVC.m */ = {isa = PBXFileReference; fileEncoding = 4; lastKnownFileType = sourcecode.c.objc; path = dropDownTableVC.m; sourceTree = "<group>"; };
		2862C138184653BB00A1FEE2 /* Lato-BolIta.otf */ = {isa = PBXFileReference; lastKnownFileType = file; path = "Lato-BolIta.otf"; sourceTree = "<group>"; };
		288EF72818E0580F003FC7EE /* InputMenus.h */ = {isa = PBXFileReference; fileEncoding = 4; lastKnownFileType = sourcecode.c.h; name = InputMenus.h; path = ../InputMenus.h; sourceTree = "<group>"; };
		288EF72918E0580F003FC7EE /* InputMenus.m */ = {isa = PBXFileReference; fileEncoding = 4; lastKnownFileType = sourcecode.c.objc; name = InputMenus.m; path = ../InputMenus.m; sourceTree = "<group>"; };
		28C0C7FE18E042C50050E419 /* Design.h */ = {isa = PBXFileReference; fileEncoding = 4; lastKnownFileType = sourcecode.c.h; path = Design.h; sourceTree = "<group>"; };
		28C0C7FF18E042C50050E419 /* Design.m */ = {isa = PBXFileReference; fileEncoding = 4; lastKnownFileType = sourcecode.c.objc; path = Design.m; sourceTree = "<group>"; };
		28CCE51518490AAD0099D77E /* Sections.h */ = {isa = PBXFileReference; fileEncoding = 4; lastKnownFileType = sourcecode.c.h; path = Sections.h; sourceTree = "<group>"; };
		28CCE51618490AAE0099D77E /* Sections.m */ = {isa = PBXFileReference; fileEncoding = 4; lastKnownFileType = sourcecode.c.objc; path = Sections.m; sourceTree = "<group>"; };
		28EE606F183E79F700AB8E9B /* Lato-Lig.otf */ = {isa = PBXFileReference; lastKnownFileType = file; path = "Lato-Lig.otf"; sourceTree = "<group>"; };
/* End PBXFileReference section */

/* Begin PBXFrameworksBuildPhase section */
		285684F8183CF2E600CB04EB /* Frameworks */ = {
			isa = PBXFrameworksBuildPhase;
			buildActionMask = 2147483647;
			files = (
				28568501183CF2E600CB04EB /* CoreGraphics.framework in Frameworks */,
				28568503183CF2E600CB04EB /* UIKit.framework in Frameworks */,
				285684FF183CF2E600CB04EB /* Foundation.framework in Frameworks */,
			);
			runOnlyForDeploymentPostprocessing = 0;
		};
		2856851C183CF2E600CB04EB /* Frameworks */ = {
			isa = PBXFrameworksBuildPhase;
			buildActionMask = 2147483647;
			files = (
				28568521183CF2E600CB04EB /* XCTest.framework in Frameworks */,
				28568523183CF2E600CB04EB /* UIKit.framework in Frameworks */,
				28568522183CF2E600CB04EB /* Foundation.framework in Frameworks */,
			);
			runOnlyForDeploymentPostprocessing = 0;
		};
/* End PBXFrameworksBuildPhase section */

/* Begin PBXGroup section */
		285684F2183CF2E600CB04EB = {
			isa = PBXGroup;
			children = (
				28568504183CF2E600CB04EB /* DropDownTable */,
				28568526183CF2E600CB04EB /* DropDownTableTests */,
				285684FD183CF2E600CB04EB /* Frameworks */,
				285684FC183CF2E600CB04EB /* Products */,
			);
			sourceTree = "<group>";
		};
		285684FC183CF2E600CB04EB /* Products */ = {
			isa = PBXGroup;
			children = (
				285684FB183CF2E600CB04EB /* DropDownTable.app */,
				2856851F183CF2E600CB04EB /* DropDownTableTests.xctest */,
			);
			name = Products;
			sourceTree = "<group>";
		};
		285684FD183CF2E600CB04EB /* Frameworks */ = {
			isa = PBXGroup;
			children = (
				285684FE183CF2E600CB04EB /* Foundation.framework */,
				28568500183CF2E600CB04EB /* CoreGraphics.framework */,
				28568502183CF2E600CB04EB /* UIKit.framework */,
				28568520183CF2E600CB04EB /* XCTest.framework */,
			);
			name = Frameworks;
			sourceTree = "<group>";
		};
		28568504183CF2E600CB04EB /* DropDownTable */ = {
			isa = PBXGroup;
			children = (
				288EF72C18E05D73003FC7EE /* Model */,
				288EF72D18E05D7B003FC7EE /* View */,
				288EF72E18E05D8E003FC7EE /* Controller */,
				28568519183CF2E600CB04EB /* Images.xcassets */,
				28568505183CF2E600CB04EB /* Supporting Files */,
			);
			path = DropDownTable;
			sourceTree = "<group>";
		};
		28568505183CF2E600CB04EB /* Supporting Files */ = {
			isa = PBXGroup;
			children = (
				2856850D183CF2E600CB04EB /* dropDownAppDelegate.h */,
				2856850E183CF2E600CB04EB /* dropDownAppDelegate.m */,
				28EE606F183E79F700AB8E9B /* Lato-Lig.otf */,
				28568506183CF2E600CB04EB /* DropDownTable-Info.plist */,
				2862C138184653BB00A1FEE2 /* Lato-BolIta.otf */,
				28568507183CF2E600CB04EB /* InfoPlist.strings */,
				2856850A183CF2E600CB04EB /* main.m */,
				28321712183F8B8200D74380 /* minus_button.png */,
				28321714183F8B8800D74380 /* plus_button.png */,
				2856850C183CF2E600CB04EB /* DropDownTable-Prefix.pch */,
			);
			name = "Supporting Files";
			sourceTree = "<group>";
		};
		28568526183CF2E600CB04EB /* DropDownTableTests */ = {
			isa = PBXGroup;
			children = (
				2856852C183CF2E600CB04EB /* DropDownTableTests.m */,
				28568527183CF2E600CB04EB /* Supporting Files */,
			);
			path = DropDownTableTests;
			sourceTree = "<group>";
		};
		28568527183CF2E600CB04EB /* Supporting Files */ = {
			isa = PBXGroup;
			children = (
				28568528183CF2E600CB04EB /* DropDownTableTests-Info.plist */,
				28568529183CF2E600CB04EB /* InfoPlist.strings */,
			);
			name = "Supporting Files";
			sourceTree = "<group>";
		};
		288EF72C18E05D73003FC7EE /* Model */ = {
			isa = PBXGroup;
			children = (
				28C0C7FE18E042C50050E419 /* Design.h */,
				28C0C7FF18E042C50050E419 /* Design.m */,
				288EF72818E0580F003FC7EE /* InputMenus.h */,
				288EF72918E0580F003FC7EE /* InputMenus.m */,
				28CCE51518490AAD0099D77E /* Sections.h */,
				28CCE51618490AAE0099D77E /* Sections.m */,
			);
			name = Model;
			sourceTree = "<group>";
		};
		288EF72D18E05D7B003FC7EE /* View */ = {
			isa = PBXGroup;
			children = (
				28568513183CF2E600CB04EB /* Main_iPad.storyboard */,
				28568510183CF2E600CB04EB /* Main_iPhone.storyboard */,
			);
			name = View;
			sourceTree = "<group>";
		};
		288EF72E18E05D8E003FC7EE /* Controller */ = {
			isa = PBXGroup;
			children = (
				28568536183CF41200CB04EB /* dropDownTableVC.h */,
				28568537183CF41200CB04EB /* dropDownTableVC.m */,
			);
			name = Controller;
			sourceTree = "<group>";
		};
/* End PBXGroup section */

/* Begin PBXNativeTarget section */
		285684FA183CF2E600CB04EB /* DropDownTable */ = {
			isa = PBXNativeTarget;
			buildConfigurationList = 28568530183CF2E600CB04EB /* Build configuration list for PBXNativeTarget "DropDownTable" */;
			buildPhases = (
				285684F7183CF2E600CB04EB /* Sources */,
				285684F8183CF2E600CB04EB /* Frameworks */,
				285684F9183CF2E600CB04EB /* Resources */,
			);
			buildRules = (
			);
			dependencies = (
			);
			name = DropDownTable;
			productName = DropDownTable;
			productReference = 285684FB183CF2E600CB04EB /* DropDownTable.app */;
			productType = "com.apple.product-type.application";
		};
		2856851E183CF2E600CB04EB /* DropDownTableTests */ = {
			isa = PBXNativeTarget;
			buildConfigurationList = 28568533183CF2E600CB04EB /* Build configuration list for PBXNativeTarget "DropDownTableTests" */;
			buildPhases = (
				2856851B183CF2E600CB04EB /* Sources */,
				2856851C183CF2E600CB04EB /* Frameworks */,
				2856851D183CF2E600CB04EB /* Resources */,
			);
			buildRules = (
			);
			dependencies = (
				28568525183CF2E600CB04EB /* PBXTargetDependency */,
			);
			name = DropDownTableTests;
			productName = DropDownTableTests;
			productReference = 2856851F183CF2E600CB04EB /* DropDownTableTests.xctest */;
			productType = "com.apple.product-type.bundle.unit-test";
		};
/* End PBXNativeTarget section */

/* Begin PBXProject section */
		285684F3183CF2E600CB04EB /* Project object */ = {
			isa = PBXProject;
			attributes = {
				CLASSPREFIX = dropDown;
				LastUpgradeCheck = 0500;
				ORGANIZATIONNAME = "Abby Schlageter";
				TargetAttributes = {
					2856851E183CF2E600CB04EB = {
						TestTargetID = 285684FA183CF2E600CB04EB;
					};
				};
			};
			buildConfigurationList = 285684F6183CF2E600CB04EB /* Build configuration list for PBXProject "DropDownTable" */;
			compatibilityVersion = "Xcode 3.2";
			developmentRegion = English;
			hasScannedForEncodings = 0;
			knownRegions = (
				en,
				Base,
			);
			mainGroup = 285684F2183CF2E600CB04EB;
			productRefGroup = 285684FC183CF2E600CB04EB /* Products */;
			projectDirPath = "";
			projectRoot = "";
			targets = (
				285684FA183CF2E600CB04EB /* DropDownTable */,
				2856851E183CF2E600CB04EB /* DropDownTableTests */,
			);
		};
/* End PBXProject section */

/* Begin PBXResourcesBuildPhase section */
		285684F9183CF2E600CB04EB /* Resources */ = {
			isa = PBXResourcesBuildPhase;
			buildActionMask = 2147483647;
			files = (
				28321713183F8B8200D74380 /* minus_button.png in Resources */,
				28568515183CF2E600CB04EB /* Main_iPad.storyboard in Resources */,
				28321715183F8B8800D74380 /* plus_button.png in Resources */,
				2856851A183CF2E600CB04EB /* Images.xcassets in Resources */,
				28568512183CF2E600CB04EB /* Main_iPhone.storyboard in Resources */,
				28568509183CF2E600CB04EB /* InfoPlist.strings in Resources */,
				2862C139184653BB00A1FEE2 /* Lato-BolIta.otf in Resources */,
				28EE6070183E79F700AB8E9B /* Lato-Lig.otf in Resources */,
			);
			runOnlyForDeploymentPostprocessing = 0;
		};
		2856851D183CF2E600CB04EB /* Resources */ = {
			isa = PBXResourcesBuildPhase;
			buildActionMask = 2147483647;
			files = (
				2856852B183CF2E600CB04EB /* InfoPlist.strings in Resources */,
			);
			runOnlyForDeploymentPostprocessing = 0;
		};
/* End PBXResourcesBuildPhase section */

/* Begin PBXSourcesBuildPhase section */
		285684F7183CF2E600CB04EB /* Sources */ = {
			isa = PBXSourcesBuildPhase;
			buildActionMask = 2147483647;
			files = (
				2856850B183CF2E600CB04EB /* main.m in Sources */,
				288EF72A18E0580F003FC7EE /* InputMenus.m in Sources */,
				28C0C80018E042C50050E419 /* Design.m in Sources */,
				28CCE51718490AAE0099D77E /* Sections.m in Sources */,
				2856850F183CF2E600CB04EB /* dropDownAppDelegate.m in Sources */,
				28568538183CF41200CB04EB /* dropDownTableVC.m in Sources */,
			);
			runOnlyForDeploymentPostprocessing = 0;
		};
		2856851B183CF2E600CB04EB /* Sources */ = {
			isa = PBXSourcesBuildPhase;
			buildActionMask = 2147483647;
			files = (
				2856852D183CF2E600CB04EB /* DropDownTableTests.m in Sources */,
			);
			runOnlyForDeploymentPostprocessing = 0;
		};
/* End PBXSourcesBuildPhase section */

/* Begin PBXTargetDependency section */
		28568525183CF2E600CB04EB /* PBXTargetDependency */ = {
			isa = PBXTargetDependency;
			target = 285684FA183CF2E600CB04EB /* DropDownTable */;
			targetProxy = 28568524183CF2E600CB04EB /* PBXContainerItemProxy */;
		};
/* End PBXTargetDependency section */

/* Begin PBXVariantGroup section */
		28568507183CF2E600CB04EB /* InfoPlist.strings */ = {
			isa = PBXVariantGroup;
			children = (
				28568508183CF2E600CB04EB /* en */,
			);
			name = InfoPlist.strings;
			sourceTree = "<group>";
		};
		28568510183CF2E600CB04EB /* Main_iPhone.storyboard */ = {
			isa = PBXVariantGroup;
			children = (
				28568511183CF2E600CB04EB /* Base */,
			);
			name = Main_iPhone.storyboard;
			sourceTree = "<group>";
		};
		28568513183CF2E600CB04EB /* Main_iPad.storyboard */ = {
			isa = PBXVariantGroup;
			children = (
				28568514183CF2E600CB04EB /* Base */,
			);
			name = Main_iPad.storyboard;
			sourceTree = "<group>";
		};
		28568529183CF2E600CB04EB /* InfoPlist.strings */ = {
			isa = PBXVariantGroup;
			children = (
				2856852A183CF2E600CB04EB /* en */,
			);
			name = InfoPlist.strings;
			sourceTree = "<group>";
		};
/* End PBXVariantGroup section */

/* Begin XCBuildConfiguration section */
		2856852E183CF2E600CB04EB /* Debug */ = {
			isa = XCBuildConfiguration;
			buildSettings = {
				ALWAYS_SEARCH_USER_PATHS = NO;
				ARCHS = "$(ARCHS_STANDARD_INCLUDING_64_BIT)";
				CLANG_CXX_LANGUAGE_STANDARD = "gnu++0x";
				CLANG_CXX_LIBRARY = "libc++";
				CLANG_ENABLE_MODULES = YES;
				CLANG_ENABLE_OBJC_ARC = YES;
				CLANG_WARN_BOOL_CONVERSION = YES;
				CLANG_WARN_CONSTANT_CONVERSION = YES;
				CLANG_WARN_DIRECT_OBJC_ISA_USAGE = YES_ERROR;
				CLANG_WARN_EMPTY_BODY = YES;
				CLANG_WARN_ENUM_CONVERSION = YES;
				CLANG_WARN_INT_CONVERSION = YES;
				CLANG_WARN_OBJC_ROOT_CLASS = YES_ERROR;
				CLANG_WARN__DUPLICATE_METHOD_MATCH = YES;
				"CODE_SIGN_IDENTITY[sdk=iphoneos*]" = "iPhone Developer";
				COPY_PHASE_STRIP = NO;
				GCC_C_LANGUAGE_STANDARD = gnu99;
				GCC_DYNAMIC_NO_PIC = NO;
				GCC_OPTIMIZATION_LEVEL = 0;
				GCC_PREPROCESSOR_DEFINITIONS = (
					"DEBUG=1",
					"$(inherited)",
				);
				GCC_SYMBOLS_PRIVATE_EXTERN = NO;
				GCC_WARN_64_TO_32_BIT_CONVERSION = YES;
				GCC_WARN_ABOUT_RETURN_TYPE = YES_ERROR;
				GCC_WARN_UNDECLARED_SELECTOR = YES;
				GCC_WARN_UNINITIALIZED_AUTOS = YES;
				GCC_WARN_UNUSED_FUNCTION = YES;
				GCC_WARN_UNUSED_VARIABLE = YES;
				IPHONEOS_DEPLOYMENT_TARGET = 7.0;
				ONLY_ACTIVE_ARCH = YES;
				SDKROOT = iphoneos;
				TARGETED_DEVICE_FAMILY = "1,2";
			};
			name = Debug;
		};
		2856852F183CF2E600CB04EB /* Release */ = {
			isa = XCBuildConfiguration;
			buildSettings = {
				ALWAYS_SEARCH_USER_PATHS = NO;
				ARCHS = "$(ARCHS_STANDARD_INCLUDING_64_BIT)";
				CLANG_CXX_LANGUAGE_STANDARD = "gnu++0x";
				CLANG_CXX_LIBRARY = "libc++";
				CLANG_ENABLE_MODULES = YES;
				CLANG_ENABLE_OBJC_ARC = YES;
				CLANG_WARN_BOOL_CONVERSION = YES;
				CLANG_WARN_CONSTANT_CONVERSION = YES;
				CLANG_WARN_DIRECT_OBJC_ISA_USAGE = YES_ERROR;
				CLANG_WARN_EMPTY_BODY = YES;
				CLANG_WARN_ENUM_CONVERSION = YES;
				CLANG_WARN_INT_CONVERSION = YES;
				CLANG_WARN_OBJC_ROOT_CLASS = YES_ERROR;
				CLANG_WARN__DUPLICATE_METHOD_MATCH = YES;
				"CODE_SIGN_IDENTITY[sdk=iphoneos*]" = "iPhone Developer";
				COPY_PHASE_STRIP = YES;
				ENABLE_NS_ASSERTIONS = NO;
				GCC_C_LANGUAGE_STANDARD = gnu99;
				GCC_WARN_64_TO_32_BIT_CONVERSION = YES;
				GCC_WARN_ABOUT_RETURN_TYPE = YES_ERROR;
				GCC_WARN_UNDECLARED_SELECTOR = YES;
				GCC_WARN_UNINITIALIZED_AUTOS = YES;
				GCC_WARN_UNUSED_FUNCTION = YES;
				GCC_WARN_UNUSED_VARIABLE = YES;
				IPHONEOS_DEPLOYMENT_TARGET = 7.0;
				SDKROOT = iphoneos;
				TARGETED_DEVICE_FAMILY = "1,2";
				VALIDATE_PRODUCT = YES;
			};
			name = Release;
		};
		28568531183CF2E600CB04EB /* Debug */ = {
			isa = XCBuildConfiguration;
			buildSettings = {
				ASSETCATALOG_COMPILER_APPICON_NAME = AppIcon;
				ASSETCATALOG_COMPILER_LAUNCHIMAGE_NAME = LaunchImage;
				GCC_PRECOMPILE_PREFIX_HEADER = YES;
				GCC_PREFIX_HEADER = "DropDownTable/DropDownTable-Prefix.pch";
				INFOPLIST_FILE = "DropDownTable/DropDownTable-Info.plist";
				PRODUCT_NAME = "$(TARGET_NAME)";
				WRAPPER_EXTENSION = app;
			};
			name = Debug;
		};
		28568532183CF2E600CB04EB /* Release */ = {
			isa = XCBuildConfiguration;
			buildSettings = {
				ASSETCATALOG_COMPILER_APPICON_NAME = AppIcon;
				ASSETCATALOG_COMPILER_LAUNCHIMAGE_NAME = LaunchImage;
				GCC_PRECOMPILE_PREFIX_HEADER = YES;
				GCC_PREFIX_HEADER = "DropDownTable/DropDownTable-Prefix.pch";
				INFOPLIST_FILE = "DropDownTable/DropDownTable-Info.plist";
				PRODUCT_NAME = "$(TARGET_NAME)";
				WRAPPER_EXTENSION = app;
			};
			name = Release;
		};
		28568534183CF2E600CB04EB /* Debug */ = {
			isa = XCBuildConfiguration;
			buildSettings = {
				ARCHS = "$(ARCHS_STANDARD_INCLUDING_64_BIT)";
				BUNDLE_LOADER = "$(BUILT_PRODUCTS_DIR)/DropDownTable.app/DropDownTable";
				FRAMEWORK_SEARCH_PATHS = (
					"$(SDKROOT)/Developer/Library/Frameworks",
					"$(inherited)",
					"$(DEVELOPER_FRAMEWORKS_DIR)",
				);
				GCC_PRECOMPILE_PREFIX_HEADER = YES;
				GCC_PREFIX_HEADER = "DropDownTable/DropDownTable-Prefix.pch";
				GCC_PREPROCESSOR_DEFINITIONS = (
					"DEBUG=1",
					"$(inherited)",
				);
				INFOPLIST_FILE = "DropDownTableTests/DropDownTableTests-Info.plist";
				PRODUCT_NAME = "$(TARGET_NAME)";
				TEST_HOST = "$(BUNDLE_LOADER)";
				WRAPPER_EXTENSION = xctest;
			};
			name = Debug;
		};
		28568535183CF2E600CB04EB /* Release */ = {
			isa = XCBuildConfiguration;
			buildSettings = {
				ARCHS = "$(ARCHS_STANDARD_INCLUDING_64_BIT)";
				BUNDLE_LOADER = "$(BUILT_PRODUCTS_DIR)/DropDownTable.app/DropDownTable";
				FRAMEWORK_SEARCH_PATHS = (
					"$(SDKROOT)/Developer/Library/Frameworks",
					"$(inherited)",
					"$(DEVELOPER_FRAMEWORKS_DIR)",
				);
				GCC_PRECOMPILE_PREFIX_HEADER = YES;
				GCC_PREFIX_HEADER = "DropDownTable/DropDownTable-Prefix.pch";
				INFOPLIST_FILE = "DropDownTableTests/DropDownTableTests-Info.plist";
				PRODUCT_NAME = "$(TARGET_NAME)";
				TEST_HOST = "$(BUNDLE_LOADER)";
				WRAPPER_EXTENSION = xctest;
			};
			name = Release;
		};
/* End XCBuildConfiguration section */

/* Begin XCConfigurationList section */
		285684F6183CF2E600CB04EB /* Build configuration list for PBXProject "DropDownTable" */ = {
			isa = XCConfigurationList;
			buildConfigurations = (
				2856852E183CF2E600CB04EB /* Debug */,
				2856852F183CF2E600CB04EB /* Release */,
			);
			defaultConfigurationIsVisible = 0;
			defaultConfigurationName = Release;
		};
		28568530183CF2E600CB04EB /* Build configuration list for PBXNativeTarget "DropDownTable" */ = {
			isa = XCConfigurationList;
			buildConfigurations = (
				28568531183CF2E600CB04EB /* Debug */,
				28568532183CF2E600CB04EB /* Release */,
			);
			defaultConfigurationIsVisible = 0;
			defaultConfigurationName = Release;
		};
		28568533183CF2E600CB04EB /* Build configuration list for PBXNativeTarget "DropDownTableTests" */ = {
			isa = XCConfigurationList;
			buildConfigurations = (
				28568534183CF2E600CB04EB /* Debug */,
				28568535183CF2E600CB04EB /* Release */,
			);
			defaultConfigurationIsVisible = 0;
			defaultConfigurationName = Release;
		};
/* End XCConfigurationList section */
	};
	rootObject = 285684F3183CF2E600CB04EB /* Project object */;
}
